
Microsoft Visual Studio Solution File, Format Version 12.00
# Visual Studio 15
VisualStudioVersion = 15.0.28307.136
MinimumVisualStudioVersion = 10.0.40219.1
Project("{FAE04EC0-301F-11D3-BF4B-00C04F79EFBC}") = "ScoutAPI", "ScoutAPI\ScoutAPI.csproj", "{35B80894-D873-46AC-BF3D-AECC2528CCCD}"
EndProject
Global
	GlobalSection(SolutionConfigurationPlatforms) = preSolution
		Debug|Any CPU = Debug|Any CPU
		Release|Any CPU = Release|Any CPU
	EndGlobalSection
	GlobalSection(ProjectConfigurationPlatforms) = postSolution
		{35B80894-D873-46AC-BF3D-AECC2528CCCD}.Debug|Any CPU.ActiveCfg = Debug|Any CPU
		{35B80894-D873-46AC-BF3D-AECC2528CCCD}.Debug|Any CPU.Build.0 = Debug|Any CPU
		{35B80894-D873-46AC-BF3D-AECC2528CCCD}.Release|Any CPU.ActiveCfg = Release|Any CPU
		{35B80894-D873-46AC-BF3D-AECC2528CCCD}.Release|Any CPU.Build.0 = Release|Any CPU
	EndGlobalSection
	GlobalSection(SolutionProperties) = preSolution
		HideSolutionNode = FALSE
	EndGlobalSection
	GlobalSection(ExtensibilityGlobals) = postSolution
		SolutionGuid = {3B6C97E2-63E8-4FE3-8B26-90FFC872CB2D}
	EndGlobalSection
EndGlobal
